
Microsoft Visual Studio Solution File, Format Version 12.00
# Visual Studio Version 17
VisualStudioVersion = 17.7.34202.233
MinimumVisualStudioVersion = 10.0.40219.1
Project("{9A19103F-16F7-4668-BE54-9A1E7A4F7556}") = "ShopCourse", "ShopCourse\ShopCourse.csproj", "{B4BAA2D5-C65A-4C1D-99CE-FC848CE0DAFD}"
EndProject
Global
	GlobalSection(SolutionConfigurationPlatforms) = preSolution
		Debug|Any CPU = Debug|Any CPU
		Release|Any CPU = Release|Any CPU
	EndGlobalSection
	GlobalSection(ProjectConfigurationPlatforms) = postSolution
		{B4BAA2D5-C65A-4C1D-99CE-FC848CE0DAFD}.Debug|Any CPU.ActiveCfg = Debug|Any CPU
		{B4BAA2D5-C65A-4C1D-99CE-FC848CE0DAFD}.Debug|Any CPU.Build.0 = Debug|Any CPU
		{B4BAA2D5-C65A-4C1D-99CE-FC848CE0DAFD}.Release|Any CPU.ActiveCfg = Release|Any CPU
		{B4BAA2D5-C65A-4C1D-99CE-FC848CE0DAFD}.Release|Any CPU.Build.0 = Release|Any CPU
	EndGlobalSection
	GlobalSection(SolutionProperties) = preSolution
		HideSolutionNode = FALSE
	EndGlobalSection
	GlobalSection(ExtensibilityGlobals) = postSolution
		SolutionGuid = {08A8D145-00C2-403F-8044-FE5BF9C6473B}
	EndGlobalSection
EndGlobal
